// !$*UTF8*$!
{
	archiveVersion = 1;
	classes = {
	};
	objectVersion = 46;
	objects = {

/* Begin PBXBuildFile section */
		1C60949819F63AA900CD200A /* main.m in Sources */ = {isa = PBXBuildFile; fileRef = 1C60949719F63AA900CD200A /* main.m */; };
		1C60949B19F63AA900CD200A /* AppDelegate.m in Sources */ = {isa = PBXBuildFile; fileRef = 1C60949A19F63AA900CD200A /* AppDelegate.m */; };
		1C6094A119F63AA900CD200A /* Main.storyboard in Resources */ = {isa = PBXBuildFile; fileRef = 1C60949F19F63AA900CD200A /* Main.storyboard */; };
		1C6094A319F63AA900CD200A /* Images.xcassets in Resources */ = {isa = PBXBuildFile; fileRef = 1C6094A219F63AA900CD200A /* Images.xcassets */; };
		1C6094A619F63AA900CD200A /* LaunchScreen.xib in Resources */ = {isa = PBXBuildFile; fileRef = 1C6094A419F63AA900CD200A /* LaunchScreen.xib */; };
		1C6094C019F6FF0000CD200A /* UIRedViewController.m in Sources */ = {isa = PBXBuildFile; fileRef = 1C6094BF19F6FF0000CD200A /* UIRedViewController.m */; };
		1C6094C319F6FF0E00CD200A /* UIBlueViewController.m in Sources */ = {isa = PBXBuildFile; fileRef = 1C6094C219F6FF0E00CD200A /* UIBlueViewController.m */; };
		1C6094FB19F7FB6100CD200A /* TwoPaneViewController.m in Sources */ = {isa = PBXBuildFile; fileRef = 1C6094FA19F7FB6100CD200A /* TwoPaneViewController.m */; };
/* End PBXBuildFile section */

/* Begin PBXFileReference section */
		1C60949219F63AA900CD200A /* TwoPaneViewControllerTest.app */ = {isa = PBXFileReference; explicitFileType = wrapper.application; includeInIndex = 0; path = TwoPaneViewControllerTest.app; sourceTree = BUILT_PRODUCTS_DIR; };
		1C60949619F63AA900CD200A /* Info.plist */ = {isa = PBXFileReference; lastKnownFileType = text.plist.xml; path = Info.plist; sourceTree = "<group>"; };
		1C60949719F63AA900CD200A /* main.m */ = {isa = PBXFileReference; lastKnownFileType = sourcecode.c.objc; path = main.m; sourceTree = "<group>"; };
		1C60949919F63AA900CD200A /* AppDelegate.h */ = {isa = PBXFileReference; lastKnownFileType = sourcecode.c.h; path = AppDelegate.h; sourceTree = "<group>"; };
		1C60949A19F63AA900CD200A /* AppDelegate.m */ = {isa = PBXFileReference; lastKnownFileType = sourcecode.c.objc; path = AppDelegate.m; sourceTree = "<group>"; };
		1C6094A019F63AA900CD200A /* Base */ = {isa = PBXFileReference; lastKnownFileType = file.storyboard; name = Base; path = Base.lproj/Main.storyboard; sourceTree = "<group>"; };
		1C6094A219F63AA900CD200A /* Images.xcassets */ = {isa = PBXFileReference; lastKnownFileType = folder.assetcatalog; path = Images.xcassets; sourceTree = "<group>"; };
		1C6094A519F63AA900CD200A /* Base */ = {isa = PBXFileReference; lastKnownFileType = file.xib; name = Base; path = Base.lproj/LaunchScreen.xib; sourceTree = "<group>"; };
		1C6094B019F63AAA00CD200A /* Info.plist */ = {isa = PBXFileReference; lastKnownFileType = text.plist.xml; path = Info.plist; sourceTree = "<group>"; };
		1C6094B119F63AAA00CD200A /* TwoPaneViewControllerTestTests.m */ = {isa = PBXFileReference; lastKnownFileType = sourcecode.c.objc; path = TwoPaneViewControllerTestTests.m; sourceTree = "<group>"; };
		1C6094BE19F6FF0000CD200A /* UIRedViewController.h */ = {isa = PBXFileReference; fileEncoding = 4; lastKnownFileType = sourcecode.c.h; path = UIRedViewController.h; sourceTree = "<group>"; };
		1C6094BF19F6FF0000CD200A /* UIRedViewController.m */ = {isa = PBXFileReference; fileEncoding = 4; lastKnownFileType = sourcecode.c.objc; path = UIRedViewController.m; sourceTree = "<group>"; };
		1C6094C119F6FF0E00CD200A /* UIBlueViewController.h */ = {isa = PBXFileReference; fileEncoding = 4; lastKnownFileType = sourcecode.c.h; path = UIBlueViewController.h; sourceTree = "<group>"; };
		1C6094C219F6FF0E00CD200A /* UIBlueViewController.m */ = {isa = PBXFileReference; fileEncoding = 4; lastKnownFileType = sourcecode.c.objc; path = UIBlueViewController.m; sourceTree = "<group>"; };
		1C6094F919F7FB6100CD200A /* TwoPaneViewController.h */ = {isa = PBXFileReference; fileEncoding = 4; lastKnownFileType = sourcecode.c.h; name = TwoPaneViewController.h; path = ../../TwoPaneViewController.h; sourceTree = "<group>"; };
		1C6094FA19F7FB6100CD200A /* TwoPaneViewController.m */ = {isa = PBXFileReference; fileEncoding = 4; lastKnownFileType = sourcecode.c.objc; name = TwoPaneViewController.m; path = ../../TwoPaneViewController.m; sourceTree = "<group>"; };
/* End PBXFileReference section */

/* Begin PBXFrameworksBuildPhase section */
		1C60948F19F63AA900CD200A /* Frameworks */ = {
			isa = PBXFrameworksBuildPhase;
			buildActionMask = 2147483647;
			files = (
			);
			runOnlyForDeploymentPostprocessing = 0;
		};
/* End PBXFrameworksBuildPhase section */

/* Begin PBXGroup section */
		1C60948919F63AA900CD200A = {
			isa = PBXGroup;
			children = (
				1C60949419F63AA900CD200A /* TwoPaneViewControllerTest */,
				1C6094AE19F63AAA00CD200A /* TwoPaneViewControllerTestTests */,
				1C60949319F63AA900CD200A /* Products */,
			);
			sourceTree = "<group>";
		};
		1C60949319F63AA900CD200A /* Products */ = {
			isa = PBXGroup;
			children = (
				1C60949219F63AA900CD200A /* TwoPaneViewControllerTest.app */,
			);
			name = Products;
			sourceTree = "<group>";
		};
		1C60949419F63AA900CD200A /* TwoPaneViewControllerTest */ = {
			isa = PBXGroup;
			children = (
				1C60949919F63AA900CD200A /* AppDelegate.h */,
				1C60949A19F63AA900CD200A /* AppDelegate.m */,
				1C6094BE19F6FF0000CD200A /* UIRedViewController.h */,
				1C6094BF19F6FF0000CD200A /* UIRedViewController.m */,
				1C6094C119F6FF0E00CD200A /* UIBlueViewController.h */,
				1C6094C219F6FF0E00CD200A /* UIBlueViewController.m */,
				1C6094F919F7FB6100CD200A /* TwoPaneViewController.h */,
				1C6094FA19F7FB6100CD200A /* TwoPaneViewController.m */,
				1C60949F19F63AA900CD200A /* Main.storyboard */,
				1C6094A219F63AA900CD200A /* Images.xcassets */,
				1C6094A419F63AA900CD200A /* LaunchScreen.xib */,
				1C60949519F63AA900CD200A /* Supporting Files */,
			);
			path = TwoPaneViewControllerTest;
			sourceTree = "<group>";
		};
		1C60949519F63AA900CD200A /* Supporting Files */ = {
			isa = PBXGroup;
			children = (
				1C60949619F63AA900CD200A /* Info.plist */,
				1C60949719F63AA900CD200A /* main.m */,
			);
			name = "Supporting Files";
			sourceTree = "<group>";
		};
		1C6094AE19F63AAA00CD200A /* TwoPaneViewControllerTestTests */ = {
			isa = PBXGroup;
			children = (
				1C6094B119F63AAA00CD200A /* TwoPaneViewControllerTestTests.m */,
				1C6094AF19F63AAA00CD200A /* Supporting Files */,
			);
			path = TwoPaneViewControllerTestTests;
			sourceTree = "<group>";
		};
		1C6094AF19F63AAA00CD200A /* Supporting Files */ = {
			isa = PBXGroup;
			children = (
				1C6094B019F63AAA00CD200A /* Info.plist */,
			);
			name = "Supporting Files";
			sourceTree = "<group>";
		};
/* End PBXGroup section */

/* Begin PBXNativeTarget section */
		1C60949119F63AA900CD200A /* TwoPaneViewControllerTest */ = {
			isa = PBXNativeTarget;
			buildConfigurationList = 1C6094B519F63AAA00CD200A /* Build configuration list for PBXNativeTarget "TwoPaneViewControllerTest" */;
			buildPhases = (
				1C60948E19F63AA900CD200A /* Sources */,
				1C60948F19F63AA900CD200A /* Frameworks */,
				1C60949019F63AA900CD200A /* Resources */,
			);
			buildRules = (
			);
			dependencies = (
			);
			name = TwoPaneViewControllerTest;
			productName = TwoPaneViewControllerTest;
			productReference = 1C60949219F63AA900CD200A /* TwoPaneViewControllerTest.app */;
			productType = "com.apple.product-type.application";
		};
/* End PBXNativeTarget section */

/* Begin PBXProject section */
		1C60948A19F63AA900CD200A /* Project object */ = {
			isa = PBXProject;
			attributes = {
				LastUpgradeCheck = 0600;
				ORGANIZATIONNAME = "Marcel Ruegenberg";
				TargetAttributes = {
					1C60949119F63AA900CD200A = {
						CreatedOnToolsVersion = 6.0.1;
					};
				};
			};
			buildConfigurationList = 1C60948D19F63AA900CD200A /* Build configuration list for PBXProject "TwoPaneViewControllerTest" */;
			compatibilityVersion = "Xcode 3.2";
			developmentRegion = English;
			hasScannedForEncodings = 0;
			knownRegions = (
				en,
				Base,
			);
			mainGroup = 1C60948919F63AA900CD200A;
			productRefGroup = 1C60949319F63AA900CD200A /* Products */;
			projectDirPath = "";
			projectRoot = "";
			targets = (
				1C60949119F63AA900CD200A /* TwoPaneViewControllerTest */,
			);
		};
/* End PBXProject section */

/* Begin PBXResourcesBuildPhase section */
		1C60949019F63AA900CD200A /* Resources */ = {
			isa = PBXResourcesBuildPhase;
			buildActionMask = 2147483647;
			files = (
				1C6094A119F63AA900CD200A /* Main.storyboard in Resources */,
				1C6094A619F63AA900CD200A /* LaunchScreen.xib in Resources */,
				1C6094A319F63AA900CD200A /* Images.xcassets in Resources */,
			);
			runOnlyForDeploymentPostprocessing = 0;
		};
/* End PBXResourcesBuildPhase section */

/* Begin PBXSourcesBuildPhase section */
		1C60948E19F63AA900CD200A /* Sources */ = {
			isa = PBXSourcesBuildPhase;
			buildActionMask = 2147483647;
			files = (
				1C6094C019F6FF0000CD200A /* UIRedViewController.m in Sources */,
				1C60949B19F63AA900CD200A /* AppDelegate.m in Sources */,
				1C60949819F63AA900CD200A /* main.m in Sources */,
				1C6094FB19F7FB6100CD200A /* TwoPaneViewController.m in Sources */,
				1C6094C319F6FF0E00CD200A /* UIBlueViewController.m in Sources */,
			);
			runOnlyForDeploymentPostprocessing = 0;
		};
/* End PBXSourcesBuildPhase section */

/* Begin PBXVariantGroup section */
		1C60949F19F63AA900CD200A /* Main.storyboard */ = {
			isa = PBXVariantGroup;
			children = (
				1C6094A019F63AA900CD200A /* Base */,
			);
			name = Main.storyboard;
			sourceTree = "<group>";
		};
		1C6094A419F63AA900CD200A /* LaunchScreen.xib */ = {
			isa = PBXVariantGroup;
			children = (
				1C6094A519F63AA900CD200A /* Base */,
			);
			name = LaunchScreen.xib;
			sourceTree = "<group>";
		};
/* End PBXVariantGroup section */

/* Begin XCBuildConfiguration section */
		1C6094B319F63AAA00CD200A /* Debug */ = {
			isa = XCBuildConfiguration;
			buildSettings = {
				ALWAYS_SEARCH_USER_PATHS = NO;
				CLANG_CXX_LANGUAGE_STANDARD = "gnu++0x";
				CLANG_CXX_LIBRARY = "libc++";
				CLANG_ENABLE_MODULES = YES;
				CLANG_ENABLE_OBJC_ARC = YES;
				CLANG_WARN_BOOL_CONVERSION = YES;
				CLANG_WARN_CONSTANT_CONVERSION = YES;
				CLANG_WARN_DIRECT_OBJC_ISA_USAGE = YES_ERROR;
				CLANG_WARN_EMPTY_BODY = YES;
				CLANG_WARN_ENUM_CONVERSION = YES;
				CLANG_WARN_INT_CONVERSION = YES;
				CLANG_WARN_OBJC_ROOT_CLASS = YES_ERROR;
				CLANG_WARN_UNREACHABLE_CODE = YES;
				CLANG_WARN__DUPLICATE_METHOD_MATCH = YES;
				"CODE_SIGN_IDENTITY[sdk=iphoneos*]" = "iPhone Developer";
				COPY_PHASE_STRIP = NO;
				ENABLE_STRICT_OBJC_MSGSEND = YES;
				GCC_C_LANGUAGE_STANDARD = gnu99;
				GCC_DYNAMIC_NO_PIC = NO;
				GCC_OPTIMIZATION_LEVEL = 0;
				GCC_PREPROCESSOR_DEFINITIONS = (
					"DEBUG=1",
					"$(inherited)",
				);
				GCC_SYMBOLS_PRIVATE_EXTERN = NO;
				GCC_WARN_64_TO_32_BIT_CONVERSION = YES;
				GCC_WARN_ABOUT_RETURN_TYPE = YES_ERROR;
				GCC_WARN_UNDECLARED_SELECTOR = YES;
				GCC_WARN_UNINITIALIZED_AUTOS = YES_AGGRESSIVE;
				GCC_WARN_UNUSED_FUNCTION = YES;
				GCC_WARN_UNUSED_VARIABLE = YES;
				IPHONEOS_DEPLOYMENT_TARGET = 8.0;
				MTL_ENABLE_DEBUG_INFO = YES;
				ONLY_ACTIVE_ARCH = YES;
				SDKROOT = iphoneos;
				TARGETED_DEVICE_FAMILY = 2;
			};
			name = Debug;
		};
		1C6094B419F63AAA00CD200A /* Release */ = {
			isa = XCBuildConfiguration;
			buildSettings = {
				ALWAYS_SEARCH_USER_PATHS = NO;
				CLANG_CXX_LANGUAGE_STANDARD = "gnu++0x";
				CLANG_CXX_LIBRARY = "libc++";
				CLANG_ENABLE_MODULES = YES;
				CLANG_ENABLE_OBJC_ARC = YES;
				CLANG_WARN_BOOL_CONVERSION = YES;
				CLANG_WARN_CONSTANT_CONVERSION = YES;
				CLANG_WARN_DIRECT_OBJC_ISA_USAGE = YES_ERROR;
				CLANG_WARN_EMPTY_BODY = YES;
				CLANG_WARN_ENUM_CONVERSION = YES;
				CLANG_WARN_INT_CONVERSION = YES;
				CLANG_WARN_OBJC_ROOT_CLASS = YES_ERROR;
				CLANG_WARN_UNREACHABLE_CODE = YES;
				CLANG_WARN__DUPLICATE_METHOD_MATCH = YES;
				"CODE_SIGN_IDENTITY[sdk=iphoneos*]" = "iPhone Developer";
				COPY_PHASE_STRIP = YES;
				ENABLE_NS_ASSERTIONS = NO;
				ENABLE_STRICT_OBJC_MSGSEND = YES;
				GCC_C_LANGUAGE_STANDARD = gnu99;
				GCC_WARN_64_TO_32_BIT_CONVERSION = YES;
				GCC_WARN_ABOUT_RETURN_TYPE = YES_ERROR;
				GCC_WARN_UNDECLARED_SELECTOR = YES;
				GCC_WARN_UNINITIALIZED_AUTOS = YES_AGGRESSIVE;
				GCC_WARN_UNUSED_FUNCTION = YES;
				GCC_WARN_UNUSED_VARIABLE = YES;
				IPHONEOS_DEPLOYMENT_TARGET = 8.0;
				MTL_ENABLE_DEBUG_INFO = NO;
				SDKROOT = iphoneos;
				TARGETED_DEVICE_FAMILY = 2;
				VALIDATE_PRODUCT = YES;
			};
			name = Release;
		};
		1C6094B619F63AAA00CD200A /* Debug */ = {
			isa = XCBuildConfiguration;
			buildSettings = {
				ASSETCATALOG_COMPILER_APPICON_NAME = AppIcon;
				INFOPLIST_FILE = TwoPaneViewControllerTest/Info.plist;
				LD_RUNPATH_SEARCH_PATHS = "$(inherited) @executable_path/Frameworks";
				PRODUCT_NAME = "$(TARGET_NAME)";
			};
			name = Debug;
		};
		1C6094B719F63AAA00CD200A /* Release */ = {
			isa = XCBuildConfiguration;
			buildSettings = {
				ASSETCATALOG_COMPILER_APPICON_NAME = AppIcon;
				INFOPLIST_FILE = TwoPaneViewControllerTest/Info.plist;
				LD_RUNPATH_SEARCH_PATHS = "$(inherited) @executable_path/Frameworks";
				PRODUCT_NAME = "$(TARGET_NAME)";
			};
			name = Release;
		};
/* End XCBuildConfiguration section */

/* Begin XCConfigurationList section */
		1C60948D19F63AA900CD200A /* Build configuration list for PBXProject "TwoPaneViewControllerTest" */ = {
			isa = XCConfigurationList;
			buildConfigurations = (
				1C6094B319F63AAA00CD200A /* Debug */,
				1C6094B419F63AAA00CD200A /* Release */,
			);
			defaultConfigurationIsVisible = 0;
			defaultConfigurationName = Release;
		};
		1C6094B519F63AAA00CD200A /* Build configuration list for PBXNativeTarget "TwoPaneViewControllerTest" */ = {
			isa = XCConfigurationList;
			buildConfigurations = (
				1C6094B619F63AAA00CD200A /* Debug */,
				1C6094B719F63AAA00CD200A /* Release */,
			);
			defaultConfigurationIsVisible = 0;
		};
/* End XCConfigurationList section */
	};
	rootObject = 1C60948A19F63AA900CD200A /* Project object */;
}
